
Microsoft Visual Studio Solution File, Format Version 12.00
Project("{FAE04EC0-301F-11D3-BF4B-00C04F79EFBC}") = "DotNetMicroservices.AppHost", "DotNetMicroservices.AppHost\DotNetMicroservices.AppHost.csproj", "{DB0245D4-A293-4CEA-83E6-54F0781A12AC}"
EndProject
Project("{FAE04EC0-301F-11D3-BF4B-00C04F79EFBC}") = "DotNetMicroservices.ServiceDefaults", "DotNetMicroservices.ServiceDefaults\DotNetMicroservices.ServiceDefaults.csproj", "{EF20AC0F-960A-4E69-8286-28F31CC5EE78}"
EndProject
Project("{FAE04EC0-301F-11D3-BF4B-00C04F79EFBC}") = "Core", "Core\Core.csproj", "{410069E5-7B40-474E-A865-318247F8F547}"
EndProject
Project("{FAE04EC0-301F-11D3-BF4B-00C04F79EFBC}") = "Users.APP", "Users.APP\Users.APP.csproj", "{0054254A-C214-4D27-85FB-8CDF185CD4B5}"
EndProject
Project("{FAE04EC0-301F-11D3-BF4B-00C04F79EFBC}") = "Users.API", "Users.API\Users.API.csproj", "{829AA95E-56AE-45D8-AC80-6EB835F02436}"
EndProject
Project("{FAE04EC0-301F-11D3-BF4B-00C04F79EFBC}") = "Locations.API", "Locations.API\Locations.API.csproj", "{F688B1E1-1929-466F-BBA8-375658D3352D}"
EndProject
Project("{FAE04EC0-301F-11D3-BF4B-00C04F79EFBC}") = "Locations.APP", "Locations.APP\Locations.APP.csproj", "{85E31D1A-4B20-462F-AE8D-D0278D1DB6AF}"
EndProject
Project("{FAE04EC0-301F-11D3-BF4B-00C04F79EFBC}") = "Patients.APP", "Patients.APP\Patients.APP.csproj", "{A1FB2EE8-F2F6-4BDA-B4F0-715873B23462}"
EndProject
Project("{FAE04EC0-301F-11D3-BF4B-00C04F79EFBC}") = "Patients.API", "Patients.API\Patients.API.csproj", "{E892E773-582D-4E1B-8034-677243FB3B4E}"
EndProject
Project("{FAE04EC0-301F-11D3-BF4B-00C04F79EFBC}") = "Gateway.API", "Gateway.API\Gateway.API.csproj", "{FB966C7D-31B7-42E2-9B6D-8298A3D15583}"
EndProject
Project("{2150E333-8FDC-42A3-9474-1A3956D46DE8}") = "Solution Items", "Solution Items", "{F72D3C54-E121-4737-8EBF-4EF36AB3B36B}"
	ProjectSection(SolutionItems) = preProject
		compose.yaml = compose.yaml
	EndProjectSection
EndProject
Global
	GlobalSection(SolutionConfigurationPlatforms) = preSolution
		Debug|Any CPU = Debug|Any CPU
		Release|Any CPU = Release|Any CPU
	EndGlobalSection
	GlobalSection(ProjectConfigurationPlatforms) = postSolution
		{DB0245D4-A293-4CEA-83E6-54F0781A12AC}.Debug|Any CPU.ActiveCfg = Debug|Any CPU
		{DB0245D4-A293-4CEA-83E6-54F0781A12AC}.Debug|Any CPU.Build.0 = Debug|Any CPU
		{DB0245D4-A293-4CEA-83E6-54F0781A12AC}.Release|Any CPU.ActiveCfg = Release|Any CPU
		{DB0245D4-A293-4CEA-83E6-54F0781A12AC}.Release|Any CPU.Build.0 = Release|Any CPU
		{EF20AC0F-960A-4E69-8286-28F31CC5EE78}.Debug|Any CPU.ActiveCfg = Debug|Any CPU
		{EF20AC0F-960A-4E69-8286-28F31CC5EE78}.Debug|Any CPU.Build.0 = Debug|Any CPU
		{EF20AC0F-960A-4E69-8286-28F31CC5EE78}.Release|Any CPU.ActiveCfg = Release|Any CPU
		{EF20AC0F-960A-4E69-8286-28F31CC5EE78}.Release|Any CPU.Build.0 = Release|Any CPU
		{410069E5-7B40-474E-A865-318247F8F547}.Debug|Any CPU.ActiveCfg = Debug|Any CPU
		{410069E5-7B40-474E-A865-318247F8F547}.Debug|Any CPU.Build.0 = Debug|Any CPU
		{410069E5-7B40-474E-A865-318247F8F547}.Release|Any CPU.ActiveCfg = Release|Any CPU
		{410069E5-7B40-474E-A865-318247F8F547}.Release|Any CPU.Build.0 = Release|Any CPU
		{0054254A-C214-4D27-85FB-8CDF185CD4B5}.Debug|Any CPU.ActiveCfg = Debug|Any CPU
		{0054254A-C214-4D27-85FB-8CDF185CD4B5}.Debug|Any CPU.Build.0 = Debug|Any CPU
		{0054254A-C214-4D27-85FB-8CDF185CD4B5}.Release|Any CPU.ActiveCfg = Release|Any CPU
		{0054254A-C214-4D27-85FB-8CDF185CD4B5}.Release|Any CPU.Build.0 = Release|Any CPU
		{829AA95E-56AE-45D8-AC80-6EB835F02436}.Debug|Any CPU.ActiveCfg = Debug|Any CPU
		{829AA95E-56AE-45D8-AC80-6EB835F02436}.Debug|Any CPU.Build.0 = Debug|Any CPU
		{829AA95E-56AE-45D8-AC80-6EB835F02436}.Release|Any CPU.ActiveCfg = Release|Any CPU
		{829AA95E-56AE-45D8-AC80-6EB835F02436}.Release|Any CPU.Build.0 = Release|Any CPU
		{F688B1E1-1929-466F-BBA8-375658D3352D}.Debug|Any CPU.ActiveCfg = Debug|Any CPU
		{F688B1E1-1929-466F-BBA8-375658D3352D}.Debug|Any CPU.Build.0 = Debug|Any CPU
		{F688B1E1-1929-466F-BBA8-375658D3352D}.Release|Any CPU.ActiveCfg = Release|Any CPU
		{F688B1E1-1929-466F-BBA8-375658D3352D}.Release|Any CPU.Build.0 = Release|Any CPU
		{85E31D1A-4B20-462F-AE8D-D0278D1DB6AF}.Debug|Any CPU.ActiveCfg = Debug|Any CPU
		{85E31D1A-4B20-462F-AE8D-D0278D1DB6AF}.Debug|Any CPU.Build.0 = Debug|Any CPU
		{85E31D1A-4B20-462F-AE8D-D0278D1DB6AF}.Release|Any CPU.ActiveCfg = Release|Any CPU
		{85E31D1A-4B20-462F-AE8D-D0278D1DB6AF}.Release|Any CPU.Build.0 = Release|Any CPU
		{A1FB2EE8-F2F6-4BDA-B4F0-715873B23462}.Debug|Any CPU.ActiveCfg = Debug|Any CPU
		{A1FB2EE8-F2F6-4BDA-B4F0-715873B23462}.Debug|Any CPU.Build.0 = Debug|Any CPU
		{A1FB2EE8-F2F6-4BDA-B4F0-715873B23462}.Release|Any CPU.ActiveCfg = Release|Any CPU
		{A1FB2EE8-F2F6-4BDA-B4F0-715873B23462}.Release|Any CPU.Build.0 = Release|Any CPU
		{E892E773-582D-4E1B-8034-677243FB3B4E}.Debug|Any CPU.ActiveCfg = Debug|Any CPU
		{E892E773-582D-4E1B-8034-677243FB3B4E}.Debug|Any CPU.Build.0 = Debug|Any CPU
		{E892E773-582D-4E1B-8034-677243FB3B4E}.Release|Any CPU.ActiveCfg = Release|Any CPU
		{E892E773-582D-4E1B-8034-677243FB3B4E}.Release|Any CPU.Build.0 = Release|Any CPU
		{FB966C7D-31B7-42E2-9B6D-8298A3D15583}.Debug|Any CPU.ActiveCfg = Debug|Any CPU
		{FB966C7D-31B7-42E2-9B6D-8298A3D15583}.Debug|Any CPU.Build.0 = Debug|Any CPU
		{FB966C7D-31B7-42E2-9B6D-8298A3D15583}.Release|Any CPU.ActiveCfg = Release|Any CPU
		{FB966C7D-31B7-42E2-9B6D-8298A3D15583}.Release|Any CPU.Build.0 = Release|Any CPU
	EndGlobalSection
EndGlobal
